
Microsoft Visual Studio Solution File, Format Version 12.00
# Visual Studio 15
Project("{FAE04EC0-301F-11D3-BF4B-00C04F79EFBC}") = "KartGame", "KartGame.csproj", "{23BF82EA-95DB-5BCA-F50F-035E451DFA94}"
EndProject
Project("{FAE04EC0-301F-11D3-BF4B-00C04F79EFBC}") = "Unity.Microgame.Tutorials", "Unity.Microgame.Tutorials.csproj", "{C9A346B3-FD3C-B2D8-0FB1-3F316FD77E7D}"
EndProject
Project("{FAE04EC0-301F-11D3-BF4B-00C04F79EFBC}") = "Assembly-CSharp", "Assembly-CSharp.csproj", "{999CC5F6-45DA-014A-C83D-4D28030EC7D4}"
EndProject
Project("{FAE04EC0-301F-11D3-BF4B-00C04F79EFBC}") = "KartGame.AI.Editor", "KartGame.AI.Editor.csproj", "{9AE0CF2D-7DCA-321E-F3F3-ED36526156B8}"
EndProject
Project("{FAE04EC0-301F-11D3-BF4B-00C04F79EFBC}") = "KartGame.AI", "KartGame.AI.csproj", "{2E9DB5EA-0C66-EB07-3BF0-96DD401EFA02}"
EndProject
Project("{FAE04EC0-301F-11D3-BF4B-00C04F79EFBC}") = "KartGame.Editor", "KartGame.Editor.csproj", "{2C5C7C47-92A6-62C0-18F6-9532ABB65DB8}"
EndProject
Project("{FAE04EC0-301F-11D3-BF4B-00C04F79EFBC}") = "Unity.Karting.Tutorials", "Unity.Karting.Tutorials.csproj", "{F55AA0AF-EBCF-79DE-3CB6-C1E87D79BE52}"
EndProject
Global
	GlobalSection(SolutionConfigurationPlatforms) = preSolution
		Debug|Any CPU = Debug|Any CPU
		Release|Any CPU = Release|Any CPU
	EndGlobalSection
	GlobalSection(ProjectConfigurationPlatforms) = postSolution
		{23BF82EA-95DB-5BCA-F50F-035E451DFA94}.Debug|Any CPU.ActiveCfg = Debug|Any CPU
		{23BF82EA-95DB-5BCA-F50F-035E451DFA94}.Debug|Any CPU.Build.0 = Debug|Any CPU
		{23BF82EA-95DB-5BCA-F50F-035E451DFA94}.Release|Any CPU.ActiveCfg = Release|Any CPU
		{23BF82EA-95DB-5BCA-F50F-035E451DFA94}.Release|Any CPU.Build.0 = Release|Any CPU
		{C9A346B3-FD3C-B2D8-0FB1-3F316FD77E7D}.Debug|Any CPU.ActiveCfg = Debug|Any CPU
		{C9A346B3-FD3C-B2D8-0FB1-3F316FD77E7D}.Debug|Any CPU.Build.0 = Debug|Any CPU
		{C9A346B3-FD3C-B2D8-0FB1-3F316FD77E7D}.Release|Any CPU.ActiveCfg = Release|Any CPU
		{C9A346B3-FD3C-B2D8-0FB1-3F316FD77E7D}.Release|Any CPU.Build.0 = Release|Any CPU
		{999CC5F6-45DA-014A-C83D-4D28030EC7D4}.Debug|Any CPU.ActiveCfg = Debug|Any CPU
		{999CC5F6-45DA-014A-C83D-4D28030EC7D4}.Debug|Any CPU.Build.0 = Debug|Any CPU
		{999CC5F6-45DA-014A-C83D-4D28030EC7D4}.Release|Any CPU.ActiveCfg = Release|Any CPU
		{999CC5F6-45DA-014A-C83D-4D28030EC7D4}.Release|Any CPU.Build.0 = Release|Any CPU
		{9AE0CF2D-7DCA-321E-F3F3-ED36526156B8}.Debug|Any CPU.ActiveCfg = Debug|Any CPU
		{9AE0CF2D-7DCA-321E-F3F3-ED36526156B8}.Debug|Any CPU.Build.0 = Debug|Any CPU
		{9AE0CF2D-7DCA-321E-F3F3-ED36526156B8}.Release|Any CPU.ActiveCfg = Release|Any CPU
		{9AE0CF2D-7DCA-321E-F3F3-ED36526156B8}.Release|Any CPU.Build.0 = Release|Any CPU
		{2E9DB5EA-0C66-EB07-3BF0-96DD401EFA02}.Debug|Any CPU.ActiveCfg = Debug|Any CPU
		{2E9DB5EA-0C66-EB07-3BF0-96DD401EFA02}.Debug|Any CPU.Build.0 = Debug|Any CPU
		{2E9DB5EA-0C66-EB07-3BF0-96DD401EFA02}.Release|Any CPU.ActiveCfg = Release|Any CPU
		{2E9DB5EA-0C66-EB07-3BF0-96DD401EFA02}.Release|Any CPU.Build.0 = Release|Any CPU
		{2C5C7C47-92A6-62C0-18F6-9532ABB65DB8}.Debug|Any CPU.ActiveCfg = Debug|Any CPU
		{2C5C7C47-92A6-62C0-18F6-9532ABB65DB8}.Debug|Any CPU.Build.0 = Debug|Any CPU
		{2C5C7C47-92A6-62C0-18F6-9532ABB65DB8}.Release|Any CPU.ActiveCfg = Release|Any CPU
		{2C5C7C47-92A6-62C0-18F6-9532ABB65DB8}.Release|Any CPU.Build.0 = Release|Any CPU
		{F55AA0AF-EBCF-79DE-3CB6-C1E87D79BE52}.Debug|Any CPU.ActiveCfg = Debug|Any CPU
		{F55AA0AF-EBCF-79DE-3CB6-C1E87D79BE52}.Debug|Any CPU.Build.0 = Debug|Any CPU
		{F55AA0AF-EBCF-79DE-3CB6-C1E87D79BE52}.Release|Any CPU.ActiveCfg = Release|Any CPU
		{F55AA0AF-EBCF-79DE-3CB6-C1E87D79BE52}.Release|Any CPU.Build.0 = Release|Any CPU
	EndGlobalSection
	GlobalSection(SolutionProperties) = preSolution
		HideSolutionNode = FALSE
	EndGlobalSection
EndGlobal
